
Microsoft Visual Studio Solution File, Format Version 12.00
# Visual Studio Version 16
VisualStudioVersion = 16.0.30225.117
MinimumVisualStudioVersion = 10.0.40219.1
Project("{9A19103F-16F7-4668-BE54-9A1E7A4F7556}") = "ZedCrestApiTest", "ZedCrestApiTest\ZedCrestApiTest.csproj", "{9EEEF86C-3F0B-4FD8-96EF-A63805F3A77B}"
EndProject
Project("{FAE04EC0-301F-11D3-BF4B-00C04F79EFBC}") = "ZedCrestApiTest.Tests", "ZedCrestApiTest.Tests\ZedCrestApiTest.Tests.csproj", "{E8533703-ED84-46E4-A0E6-84095494F257}"
EndProject
Global
	GlobalSection(SolutionConfigurationPlatforms) = preSolution
		Debug|Any CPU = Debug|Any CPU
		Release|Any CPU = Release|Any CPU
	EndGlobalSection
	GlobalSection(ProjectConfigurationPlatforms) = postSolution
		{9EEEF86C-3F0B-4FD8-96EF-A63805F3A77B}.Debug|Any CPU.ActiveCfg = Debug|Any CPU
		{9EEEF86C-3F0B-4FD8-96EF-A63805F3A77B}.Debug|Any CPU.Build.0 = Debug|Any CPU
		{9EEEF86C-3F0B-4FD8-96EF-A63805F3A77B}.Release|Any CPU.ActiveCfg = Release|Any CPU
		{9EEEF86C-3F0B-4FD8-96EF-A63805F3A77B}.Release|Any CPU.Build.0 = Release|Any CPU
		{E8533703-ED84-46E4-A0E6-84095494F257}.Debug|Any CPU.ActiveCfg = Debug|Any CPU
		{E8533703-ED84-46E4-A0E6-84095494F257}.Debug|Any CPU.Build.0 = Debug|Any CPU
		{E8533703-ED84-46E4-A0E6-84095494F257}.Release|Any CPU.ActiveCfg = Release|Any CPU
		{E8533703-ED84-46E4-A0E6-84095494F257}.Release|Any CPU.Build.0 = Release|Any CPU
	EndGlobalSection
	GlobalSection(SolutionProperties) = preSolution
		HideSolutionNode = FALSE
	EndGlobalSection
	GlobalSection(ExtensibilityGlobals) = postSolution
		SolutionGuid = {AD8D72F0-75D4-4C92-8068-467B7FFEC4CF}
	EndGlobalSection
EndGlobal
